
Microsoft Visual Studio Solution File, Format Version 12.00
# Visual Studio Version 17
VisualStudioVersion = 17.9.34728.123
MinimumVisualStudioVersion = 10.0.40219.1
Project("{8BC9CEB8-8B4A-11D0-8D11-00A0C91BC942}") = "lab8", "lab8\lab8.vcxproj", "{375AC4F6-8219-44D3-9032-231D80CE3470}"
EndProject
Global
	GlobalSection(SolutionConfigurationPlatforms) = preSolution
		Debug|x64 = Debug|x64
		Debug|x86 = Debug|x86
		Release|x64 = Release|x64
		Release|x86 = Release|x86
	EndGlobalSection
	GlobalSection(ProjectConfigurationPlatforms) = postSolution
		{375AC4F6-8219-44D3-9032-231D80CE3470}.Debug|x64.ActiveCfg = Debug|x64
		{375AC4F6-8219-44D3-9032-231D80CE3470}.Debug|x64.Build.0 = Debug|x64
		{375AC4F6-8219-44D3-9032-231D80CE3470}.Debug|x86.ActiveCfg = Debug|Win32
		{375AC4F6-8219-44D3-9032-231D80CE3470}.Debug|x86.Build.0 = Debug|Win32
		{375AC4F6-8219-44D3-9032-231D80CE3470}.Release|x64.ActiveCfg = Release|x64
		{375AC4F6-8219-44D3-9032-231D80CE3470}.Release|x64.Build.0 = Release|x64
		{375AC4F6-8219-44D3-9032-231D80CE3470}.Release|x86.ActiveCfg = Release|Win32
		{375AC4F6-8219-44D3-9032-231D80CE3470}.Release|x86.Build.0 = Release|Win32
	EndGlobalSection
	GlobalSection(SolutionProperties) = preSolution
		HideSolutionNode = FALSE
	EndGlobalSection
	GlobalSection(ExtensibilityGlobals) = postSolution
		SolutionGuid = {9C861BC3-795D-4D74-9F31-1657CE761B46}
	EndGlobalSection
EndGlobal
